// !$*UTF8*$!
{
	archiveVersion = 1;
	classes = {
	};
	objectVersion = 46;
	objects = {

/* Begin PBXBuildFile section */
		133050F51EDAE29D0031044D /* main.m in Sources */ = {isa = PBXBuildFile; fileRef = 133050F41EDAE29D0031044D /* main.m */; };
		133050F81EDAE29D0031044D /* AppDelegate.m in Sources */ = {isa = PBXBuildFile; fileRef = 133050F71EDAE29D0031044D /* AppDelegate.m */; };
		133050FB1EDAE29D0031044D /* ViewController.m in Sources */ = {isa = PBXBuildFile; fileRef = 133050FA1EDAE29D0031044D /* ViewController.m */; };
		133050FE1EDAE29D0031044D /* Main.storyboard in Resources */ = {isa = PBXBuildFile; fileRef = 133050FC1EDAE29D0031044D /* Main.storyboard */; };
		133051001EDAE29D0031044D /* Assets.xcassets in Resources */ = {isa = PBXBuildFile; fileRef = 133050FF1EDAE29D0031044D /* Assets.xcassets */; };
		133051031EDAE29D0031044D /* LaunchScreen.storyboard in Resources */ = {isa = PBXBuildFile; fileRef = 133051011EDAE29D0031044D /* LaunchScreen.storyboard */; };
		1330510E1EDAE29D0031044D /* LedgerTests.m in Sources */ = {isa = PBXBuildFile; fileRef = 1330510D1EDAE29D0031044D /* LedgerTests.m */; };
		133051191EDAE29D0031044D /* LedgerUITests.m in Sources */ = {isa = PBXBuildFile; fileRef = 133051181EDAE29D0031044D /* LedgerUITests.m */; };
/* End PBXBuildFile section */

/* Begin PBXContainerItemProxy section */
		1330510A1EDAE29D0031044D /* PBXContainerItemProxy */ = {
			isa = PBXContainerItemProxy;
			containerPortal = 133050E81EDAE29D0031044D /* Project object */;
			proxyType = 1;
			remoteGlobalIDString = 133050EF1EDAE29D0031044D;
			remoteInfo = Ledger;
		};
		133051151EDAE29D0031044D /* PBXContainerItemProxy */ = {
			isa = PBXContainerItemProxy;
			containerPortal = 133050E81EDAE29D0031044D /* Project object */;
			proxyType = 1;
			remoteGlobalIDString = 133050EF1EDAE29D0031044D;
			remoteInfo = Ledger;
		};
/* End PBXContainerItemProxy section */

/* Begin PBXFileReference section */
		133050F01EDAE29D0031044D /* Ledger.app */ = {isa = PBXFileReference; explicitFileType = wrapper.application; includeInIndex = 0; path = Ledger.app; sourceTree = BUILT_PRODUCTS_DIR; };
		133050F41EDAE29D0031044D /* main.m */ = {isa = PBXFileReference; lastKnownFileType = sourcecode.c.objc; path = main.m; sourceTree = "<group>"; };
		133050F61EDAE29D0031044D /* AppDelegate.h */ = {isa = PBXFileReference; lastKnownFileType = sourcecode.c.h; path = AppDelegate.h; sourceTree = "<group>"; };
		133050F71EDAE29D0031044D /* AppDelegate.m */ = {isa = PBXFileReference; lastKnownFileType = sourcecode.c.objc; path = AppDelegate.m; sourceTree = "<group>"; };
		133050F91EDAE29D0031044D /* ViewController.h */ = {isa = PBXFileReference; lastKnownFileType = sourcecode.c.h; path = ViewController.h; sourceTree = "<group>"; };
		133050FA1EDAE29D0031044D /* ViewController.m */ = {isa = PBXFileReference; lastKnownFileType = sourcecode.c.objc; path = ViewController.m; sourceTree = "<group>"; };
		133050FD1EDAE29D0031044D /* Base */ = {isa = PBXFileReference; lastKnownFileType = file.storyboard; name = Base; path = Base.lproj/Main.storyboard; sourceTree = "<group>"; };
		133050FF1EDAE29D0031044D /* Assets.xcassets */ = {isa = PBXFileReference; lastKnownFileType = folder.assetcatalog; path = Assets.xcassets; sourceTree = "<group>"; };
		133051021EDAE29D0031044D /* Base */ = {isa = PBXFileReference; lastKnownFileType = file.storyboard; name = Base; path = Base.lproj/LaunchScreen.storyboard; sourceTree = "<group>"; };
		133051041EDAE29D0031044D /* Info.plist */ = {isa = PBXFileReference; lastKnownFileType = text.plist.xml; path = Info.plist; sourceTree = "<group>"; };
		133051091EDAE29D0031044D /* LedgerTests.xctest */ = {isa = PBXFileReference; explicitFileType = wrapper.cfbundle; includeInIndex = 0; path = LedgerTests.xctest; sourceTree = BUILT_PRODUCTS_DIR; };
		1330510D1EDAE29D0031044D /* LedgerTests.m */ = {isa = PBXFileReference; lastKnownFileType = sourcecode.c.objc; path = LedgerTests.m; sourceTree = "<group>"; };
		1330510F1EDAE29D0031044D /* Info.plist */ = {isa = PBXFileReference; lastKnownFileType = text.plist.xml; path = Info.plist; sourceTree = "<group>"; };
		133051141EDAE29D0031044D /* LedgerUITests.xctest */ = {isa = PBXFileReference; explicitFileType = wrapper.cfbundle; includeInIndex = 0; path = LedgerUITests.xctest; sourceTree = BUILT_PRODUCTS_DIR; };
		133051181EDAE29D0031044D /* LedgerUITests.m */ = {isa = PBXFileReference; lastKnownFileType = sourcecode.c.objc; path = LedgerUITests.m; sourceTree = "<group>"; };
		1330511A1EDAE29D0031044D /* Info.plist */ = {isa = PBXFileReference; lastKnownFileType = text.plist.xml; path = Info.plist; sourceTree = "<group>"; };
/* End PBXFileReference section */

/* Begin PBXFrameworksBuildPhase section */
		133050ED1EDAE29D0031044D /* Frameworks */ = {
			isa = PBXFrameworksBuildPhase;
			buildActionMask = 2147483647;
			files = (
			);
			runOnlyForDeploymentPostprocessing = 0;
		};
		133051061EDAE29D0031044D /* Frameworks */ = {
			isa = PBXFrameworksBuildPhase;
			buildActionMask = 2147483647;
			files = (
			);
			runOnlyForDeploymentPostprocessing = 0;
		};
		133051111EDAE29D0031044D /* Frameworks */ = {
			isa = PBXFrameworksBuildPhase;
			buildActionMask = 2147483647;
			files = (
			);
			runOnlyForDeploymentPostprocessing = 0;
		};
/* End PBXFrameworksBuildPhase section */

/* Begin PBXGroup section */
		133050E71EDAE29D0031044D = {
			isa = PBXGroup;
			children = (
				133050F21EDAE29D0031044D /* Ledger */,
				1330510C1EDAE29D0031044D /* LedgerTests */,
				133051171EDAE29D0031044D /* LedgerUITests */,
				133050F11EDAE29D0031044D /* Products */,
			);
			sourceTree = "<group>";
		};
		133050F11EDAE29D0031044D /* Products */ = {
			isa = PBXGroup;
			children = (
				133050F01EDAE29D0031044D /* Ledger.app */,
				133051091EDAE29D0031044D /* LedgerTests.xctest */,
				133051141EDAE29D0031044D /* LedgerUITests.xctest */,
			);
			name = Products;
			sourceTree = "<group>";
		};
		133050F21EDAE29D0031044D /* Ledger */ = {
			isa = PBXGroup;
			children = (
				133050F61EDAE29D0031044D /* AppDelegate.h */,
				133050F71EDAE29D0031044D /* AppDelegate.m */,
				133050F91EDAE29D0031044D /* ViewController.h */,
				133050FA1EDAE29D0031044D /* ViewController.m */,
				133050FC1EDAE29D0031044D /* Main.storyboard */,
				133050FF1EDAE29D0031044D /* Assets.xcassets */,
				133051011EDAE29D0031044D /* LaunchScreen.storyboard */,
				133051041EDAE29D0031044D /* Info.plist */,
				133050F31EDAE29D0031044D /* Supporting Files */,
			);
			path = Ledger;
			sourceTree = "<group>";
		};
		133050F31EDAE29D0031044D /* Supporting Files */ = {
			isa = PBXGroup;
			children = (
				133050F41EDAE29D0031044D /* main.m */,
			);
			name = "Supporting Files";
			sourceTree = "<group>";
		};
		1330510C1EDAE29D0031044D /* LedgerTests */ = {
			isa = PBXGroup;
			children = (
				1330510D1EDAE29D0031044D /* LedgerTests.m */,
				1330510F1EDAE29D0031044D /* Info.plist */,
			);
			path = LedgerTests;
			sourceTree = "<group>";
		};
		133051171EDAE29D0031044D /* LedgerUITests */ = {
			isa = PBXGroup;
			children = (
				133051181EDAE29D0031044D /* LedgerUITests.m */,
				1330511A1EDAE29D0031044D /* Info.plist */,
			);
			path = LedgerUITests;
			sourceTree = "<group>";
		};
/* End PBXGroup section */

/* Begin PBXNativeTarget section */
		133050EF1EDAE29D0031044D /* Ledger */ = {
			isa = PBXNativeTarget;
			buildConfigurationList = 1330511D1EDAE29D0031044D /* Build configuration list for PBXNativeTarget "Ledger" */;
			buildPhases = (
				133050EC1EDAE29D0031044D /* Sources */,
				133050ED1EDAE29D0031044D /* Frameworks */,
				133050EE1EDAE29D0031044D /* Resources */,
			);
			buildRules = (
			);
			dependencies = (
			);
			name = Ledger;
			productName = Ledger;
			productReference = 133050F01EDAE29D0031044D /* Ledger.app */;
			productType = "com.apple.product-type.application";
		};
		133051081EDAE29D0031044D /* LedgerTests */ = {
			isa = PBXNativeTarget;
			buildConfigurationList = 133051201EDAE29D0031044D /* Build configuration list for PBXNativeTarget "LedgerTests" */;
			buildPhases = (
				133051051EDAE29D0031044D /* Sources */,
				133051061EDAE29D0031044D /* Frameworks */,
				133051071EDAE29D0031044D /* Resources */,
			);
			buildRules = (
			);
			dependencies = (
				1330510B1EDAE29D0031044D /* PBXTargetDependency */,
			);
			name = LedgerTests;
			productName = LedgerTests;
			productReference = 133051091EDAE29D0031044D /* LedgerTests.xctest */;
			productType = "com.apple.product-type.bundle.unit-test";
		};
		133051131EDAE29D0031044D /* LedgerUITests */ = {
			isa = PBXNativeTarget;
			buildConfigurationList = 133051231EDAE29D0031044D /* Build configuration list for PBXNativeTarget "LedgerUITests" */;
			buildPhases = (
				133051101EDAE29D0031044D /* Sources */,
				133051111EDAE29D0031044D /* Frameworks */,
				133051121EDAE29D0031044D /* Resources */,
			);
			buildRules = (
			);
			dependencies = (
				133051161EDAE29D0031044D /* PBXTargetDependency */,
			);
			name = LedgerUITests;
			productName = LedgerUITests;
			productReference = 133051141EDAE29D0031044D /* LedgerUITests.xctest */;
			productType = "com.apple.product-type.bundle.ui-testing";
		};
/* End PBXNativeTarget section */

/* Begin PBXProject section */
		133050E81EDAE29D0031044D /* Project object */ = {
			isa = PBXProject;
			attributes = {
				LastUpgradeCheck = 0830;
				ORGANIZATIONNAME = "Yan Gerasimuk";
				TargetAttributes = {
					133050EF1EDAE29D0031044D = {
						CreatedOnToolsVersion = 8.3.2;
						DevelopmentTeam = EF64T58JW4;
						ProvisioningStyle = Automatic;
					};
					133051081EDAE29D0031044D = {
						CreatedOnToolsVersion = 8.3.2;
						DevelopmentTeam = EF64T58JW4;
						ProvisioningStyle = Automatic;
						TestTargetID = 133050EF1EDAE29D0031044D;
					};
					133051131EDAE29D0031044D = {
						CreatedOnToolsVersion = 8.3.2;
						DevelopmentTeam = EF64T58JW4;
						ProvisioningStyle = Automatic;
						TestTargetID = 133050EF1EDAE29D0031044D;
					};
				};
			};
			buildConfigurationList = 133050EB1EDAE29D0031044D /* Build configuration list for PBXProject "Ledger" */;
			compatibilityVersion = "Xcode 3.2";
			developmentRegion = English;
			hasScannedForEncodings = 0;
			knownRegions = (
				en,
				Base,
			);
			mainGroup = 133050E71EDAE29D0031044D;
			productRefGroup = 133050F11EDAE29D0031044D /* Products */;
			projectDirPath = "";
			projectRoot = "";
			targets = (
				133050EF1EDAE29D0031044D /* Ledger */,
				133051081EDAE29D0031044D /* LedgerTests */,
				133051131EDAE29D0031044D /* LedgerUITests */,
			);
		};
/* End PBXProject section */

/* Begin PBXResourcesBuildPhase section */
		133050EE1EDAE29D0031044D /* Resources */ = {
			isa = PBXResourcesBuildPhase;
			buildActionMask = 2147483647;
			files = (
				133051031EDAE29D0031044D /* LaunchScreen.storyboard in Resources */,
				133051001EDAE29D0031044D /* Assets.xcassets in Resources */,
				133050FE1EDAE29D0031044D /* Main.storyboard in Resources */,
			);
			runOnlyForDeploymentPostprocessing = 0;
		};
		133051071EDAE29D0031044D /* Resources */ = {
			isa = PBXResourcesBuildPhase;
			buildActionMask = 2147483647;
			files = (
			);
			runOnlyForDeploymentPostprocessing = 0;
		};
		133051121EDAE29D0031044D /* Resources */ = {
			isa = PBXResourcesBuildPhase;
			buildActionMask = 2147483647;
			files = (
			);
			runOnlyForDeploymentPostprocessing = 0;
		};
/* End PBXResourcesBuildPhase section */

/* Begin PBXSourcesBuildPhase section */
		133050EC1EDAE29D0031044D /* Sources */ = {
			isa = PBXSourcesBuildPhase;
			buildActionMask = 2147483647;
			files = (
				133050FB1EDAE29D0031044D /* ViewController.m in Sources */,
				133050F81EDAE29D0031044D /* AppDelegate.m in Sources */,
				133050F51EDAE29D0031044D /* main.m in Sources */,
			);
			runOnlyForDeploymentPostprocessing = 0;
		};
		133051051EDAE29D0031044D /* Sources */ = {
			isa = PBXSourcesBuildPhase;
			buildActionMask = 2147483647;
			files = (
				1330510E1EDAE29D0031044D /* LedgerTests.m in Sources */,
			);
			runOnlyForDeploymentPostprocessing = 0;
		};
		133051101EDAE29D0031044D /* Sources */ = {
			isa = PBXSourcesBuildPhase;
			buildActionMask = 2147483647;
			files = (
				133051191EDAE29D0031044D /* LedgerUITests.m in Sources */,
			);
			runOnlyForDeploymentPostprocessing = 0;
		};
/* End PBXSourcesBuildPhase section */

/* Begin PBXTargetDependency section */
		1330510B1EDAE29D0031044D /* PBXTargetDependency */ = {
			isa = PBXTargetDependency;
			target = 133050EF1EDAE29D0031044D /* Ledger */;
			targetProxy = 1330510A1EDAE29D0031044D /* PBXContainerItemProxy */;
		};
		133051161EDAE29D0031044D /* PBXTargetDependency */ = {
			isa = PBXTargetDependency;
			target = 133050EF1EDAE29D0031044D /* Ledger */;
			targetProxy = 133051151EDAE29D0031044D /* PBXContainerItemProxy */;
		};
/* End PBXTargetDependency section */

/* Begin PBXVariantGroup section */
		133050FC1EDAE29D0031044D /* Main.storyboard */ = {
			isa = PBXVariantGroup;
			children = (
				133050FD1EDAE29D0031044D /* Base */,
			);
			name = Main.storyboard;
			sourceTree = "<group>";
		};
		133051011EDAE29D0031044D /* LaunchScreen.storyboard */ = {
			isa = PBXVariantGroup;
			children = (
				133051021EDAE29D0031044D /* Base */,
			);
			name = LaunchScreen.storyboard;
			sourceTree = "<group>";
		};
/* End PBXVariantGroup section */

/* Begin XCBuildConfiguration section */
		1330511B1EDAE29D0031044D /* Debug */ = {
			isa = XCBuildConfiguration;
			buildSettings = {
				ALWAYS_SEARCH_USER_PATHS = NO;
				CLANG_ANALYZER_NONNULL = YES;
				CLANG_ANALYZER_NUMBER_OBJECT_CONVERSION = YES_AGGRESSIVE;
				CLANG_CXX_LANGUAGE_STANDARD = "gnu++0x";
				CLANG_CXX_LIBRARY = "libc++";
				CLANG_ENABLE_MODULES = YES;
				CLANG_ENABLE_OBJC_ARC = YES;
				CLANG_WARN_BOOL_CONVERSION = YES;
				CLANG_WARN_CONSTANT_CONVERSION = YES;
				CLANG_WARN_DIRECT_OBJC_ISA_USAGE = YES_ERROR;
				CLANG_WARN_DOCUMENTATION_COMMENTS = YES;
				CLANG_WARN_EMPTY_BODY = YES;
				CLANG_WARN_ENUM_CONVERSION = YES;
				CLANG_WARN_INFINITE_RECURSION = YES;
				CLANG_WARN_INT_CONVERSION = YES;
				CLANG_WARN_OBJC_ROOT_CLASS = YES_ERROR;
				CLANG_WARN_SUSPICIOUS_MOVE = YES;
				CLANG_WARN_UNREACHABLE_CODE = YES;
				CLANG_WARN__DUPLICATE_METHOD_MATCH = YES;
				"CODE_SIGN_IDENTITY[sdk=iphoneos*]" = "iPhone Developer";
				COPY_PHASE_STRIP = NO;
				DEBUG_INFORMATION_FORMAT = dwarf;
				ENABLE_STRICT_OBJC_MSGSEND = YES;
				ENABLE_TESTABILITY = YES;
				GCC_C_LANGUAGE_STANDARD = gnu99;
				GCC_DYNAMIC_NO_PIC = NO;
				GCC_NO_COMMON_BLOCKS = YES;
				GCC_OPTIMIZATION_LEVEL = 0;
				GCC_PREPROCESSOR_DEFINITIONS = (
					"DEBUG=1",
					"$(inherited)",
				);
				GCC_WARN_64_TO_32_BIT_CONVERSION = YES;
				GCC_WARN_ABOUT_RETURN_TYPE = YES_ERROR;
				GCC_WARN_UNDECLARED_SELECTOR = YES;
				GCC_WARN_UNINITIALIZED_AUTOS = YES_AGGRESSIVE;
				GCC_WARN_UNUSED_FUNCTION = YES;
				GCC_WARN_UNUSED_VARIABLE = YES;
				IPHONEOS_DEPLOYMENT_TARGET = 10.3;
				MTL_ENABLE_DEBUG_INFO = YES;
				ONLY_ACTIVE_ARCH = YES;
				SDKROOT = iphoneos;
			};
			name = Debug;
		};
		1330511C1EDAE29D0031044D /* Release */ = {
			isa = XCBuildConfiguration;
			buildSettings = {
				ALWAYS_SEARCH_USER_PATHS = NO;
				CLANG_ANALYZER_NONNULL = YES;
				CLANG_ANALYZER_NUMBER_OBJECT_CONVERSION = YES_AGGRESSIVE;
				CLANG_CXX_LANGUAGE_STANDARD = "gnu++0x";
				CLANG_CXX_LIBRARY = "libc++";
				CLANG_ENABLE_MODULES = YES;
				CLANG_ENABLE_OBJC_ARC = YES;
				CLANG_WARN_BOOL_CONVERSION = YES;
				CLANG_WARN_CONSTANT_CONVERSION = YES;
				CLANG_WARN_DIRECT_OBJC_ISA_USAGE = YES_ERROR;
				CLANG_WARN_DOCUMENTATION_COMMENTS = YES;
				CLANG_WARN_EMPTY_BODY = YES;
				CLANG_WARN_ENUM_CONVERSION = YES;
				CLANG_WARN_INFINITE_RECURSION = YES;
				CLANG_WARN_INT_CONVERSION = YES;
				CLANG_WARN_OBJC_ROOT_CLASS = YES_ERROR;
				CLANG_WARN_SUSPICIOUS_MOVE = YES;
				CLANG_WARN_UNREACHABLE_CODE = YES;
				CLANG_WARN__DUPLICATE_METHOD_MATCH = YES;
				"CODE_SIGN_IDENTITY[sdk=iphoneos*]" = "iPhone Developer";
				COPY_PHASE_STRIP = NO;
				DEBUG_INFORMATION_FORMAT = "dwarf-with-dsym";
				ENABLE_NS_ASSERTIONS = NO;
				ENABLE_STRICT_OBJC_MSGSEND = YES;
				GCC_C_LANGUAGE_STANDARD = gnu99;
				GCC_NO_COMMON_BLOCKS = YES;
				GCC_WARN_64_TO_32_BIT_CONVERSION = YES;
				GCC_WARN_ABOUT_RETURN_TYPE = YES_ERROR;
				GCC_WARN_UNDECLARED_SELECTOR = YES;
				GCC_WARN_UNINITIALIZED_AUTOS = YES_AGGRESSIVE;
				GCC_WARN_UNUSED_FUNCTION = YES;
				GCC_WARN_UNUSED_VARIABLE = YES;
				IPHONEOS_DEPLOYMENT_TARGET = 10.3;
				MTL_ENABLE_DEBUG_INFO = NO;
				SDKROOT = iphoneos;
				VALIDATE_PRODUCT = YES;
			};
			name = Release;
		};
		1330511E1EDAE29D0031044D /* Debug */ = {
			isa = XCBuildConfiguration;
			buildSettings = {
				ASSETCATALOG_COMPILER_APPICON_NAME = AppIcon;
				DEVELOPMENT_TEAM = EF64T58JW4;
				INFOPLIST_FILE = Ledger/Info.plist;
				LD_RUNPATH_SEARCH_PATHS = "$(inherited) @executable_path/Frameworks";
				PRODUCT_BUNDLE_IDENTIFIER = com.yangerasimuk.Ledger;
				PRODUCT_NAME = "$(TARGET_NAME)";
			};
			name = Debug;
		};
		1330511F1EDAE29D0031044D /* Release */ = {
			isa = XCBuildConfiguration;
			buildSettings = {
				ASSETCATALOG_COMPILER_APPICON_NAME = AppIcon;
				DEVELOPMENT_TEAM = EF64T58JW4;
				INFOPLIST_FILE = Ledger/Info.plist;
				LD_RUNPATH_SEARCH_PATHS = "$(inherited) @executable_path/Frameworks";
				PRODUCT_BUNDLE_IDENTIFIER = com.yangerasimuk.Ledger;
				PRODUCT_NAME = "$(TARGET_NAME)";
			};
			name = Release;
		};
		133051211EDAE29D0031044D /* Debug */ = {
			isa = XCBuildConfiguration;
			buildSettings = {
				BUNDLE_LOADER = "$(TEST_HOST)";
				DEVELOPMENT_TEAM = EF64T58JW4;
				INFOPLIST_FILE = LedgerTests/Info.plist;
				LD_RUNPATH_SEARCH_PATHS = "$(inherited) @executable_path/Frameworks @loader_path/Frameworks";
				PRODUCT_BUNDLE_IDENTIFIER = com.yangerasimuk.LedgerTests;
				PRODUCT_NAME = "$(TARGET_NAME)";
				TEST_HOST = "$(BUILT_PRODUCTS_DIR)/Ledger.app/Ledger";
			};
			name = Debug;
		};
		133051221EDAE29D0031044D /* Release */ = {
			isa = XCBuildConfiguration;
			buildSettings = {
				BUNDLE_LOADER = "$(TEST_HOST)";
				DEVELOPMENT_TEAM = EF64T58JW4;
				INFOPLIST_FILE = LedgerTests/Info.plist;
				LD_RUNPATH_SEARCH_PATHS = "$(inherited) @executable_path/Frameworks @loader_path/Frameworks";
				PRODUCT_BUNDLE_IDENTIFIER = com.yangerasimuk.LedgerTests;
				PRODUCT_NAME = "$(TARGET_NAME)";
				TEST_HOST = "$(BUILT_PRODUCTS_DIR)/Ledger.app/Ledger";
			};
			name = Release;
		};
		133051241EDAE29D0031044D /* Debug */ = {
			isa = XCBuildConfiguration;
			buildSettings = {
				DEVELOPMENT_TEAM = EF64T58JW4;
				INFOPLIST_FILE = LedgerUITests/Info.plist;
				LD_RUNPATH_SEARCH_PATHS = "$(inherited) @executable_path/Frameworks @loader_path/Frameworks";
				PRODUCT_BUNDLE_IDENTIFIER = com.yangerasimuk.LedgerUITests;
				PRODUCT_NAME = "$(TARGET_NAME)";
				TEST_TARGET_NAME = Ledger;
			};
			name = Debug;
		};
		133051251EDAE29D0031044D /* Release */ = {
			isa = XCBuildConfiguration;
			buildSettings = {
				DEVELOPMENT_TEAM = EF64T58JW4;
				INFOPLIST_FILE = LedgerUITests/Info.plist;
				LD_RUNPATH_SEARCH_PATHS = "$(inherited) @executable_path/Frameworks @loader_path/Frameworks";
				PRODUCT_BUNDLE_IDENTIFIER = com.yangerasimuk.LedgerUITests;
				PRODUCT_NAME = "$(TARGET_NAME)";
				TEST_TARGET_NAME = Ledger;
			};
			name = Release;
		};
/* End XCBuildConfiguration section */

/* Begin XCConfigurationList section */
		133050EB1EDAE29D0031044D /* Build configuration list for PBXProject "Ledger" */ = {
			isa = XCConfigurationList;
			buildConfigurations = (
				1330511B1EDAE29D0031044D /* Debug */,
				1330511C1EDAE29D0031044D /* Release */,
			);
			defaultConfigurationIsVisible = 0;
			defaultConfigurationName = Release;
		};
		1330511D1EDAE29D0031044D /* Build configuration list for PBXNativeTarget "Ledger" */ = {
			isa = XCConfigurationList;
			buildConfigurations = (
				1330511E1EDAE29D0031044D /* Debug */,
				1330511F1EDAE29D0031044D /* Release */,
			);
			defaultConfigurationIsVisible = 0;
		};
		133051201EDAE29D0031044D /* Build configuration list for PBXNativeTarget "LedgerTests" */ = {
			isa = XCConfigurationList;
			buildConfigurations = (
				133051211EDAE29D0031044D /* Debug */,
				133051221EDAE29D0031044D /* Release */,
			);
			defaultConfigurationIsVisible = 0;
		};
		133051231EDAE29D0031044D /* Build configuration list for PBXNativeTarget "LedgerUITests" */ = {
			isa = XCConfigurationList;
			buildConfigurations = (
				133051241EDAE29D0031044D /* Debug */,
				133051251EDAE29D0031044D /* Release */,
			);
			defaultConfigurationIsVisible = 0;
		};
/* End XCConfigurationList section */
	};
	rootObject = 133050E81EDAE29D0031044D /* Project object */;
}
